
Microsoft Visual Studio Solution File, Format Version 12.00
# Visual Studio Version 17
VisualStudioVersion = 17.6.33815.320
MinimumVisualStudioVersion = 10.0.40219.1
Project("{9A19103F-16F7-4668-BE54-9A1E7A4F7556}") = "HurPsyLib", "HurPsyLib\HurPsyLib.csproj", "{2DF9189F-A66A-4FD7-8F47-893FD491FF3C}"
EndProject
Project("{2150E333-8FDC-42A3-9474-1A3956D46DE8}") = "Solution Items", "Solution Items", "{27BC09EF-6DF8-461B-8762-6B0B65DE1334}"
	ProjectSection(SolutionItems) = preProject
		.gitignore = .gitignore
		README.md = README.md
	EndProjectSection
EndProject
Project("{9A19103F-16F7-4668-BE54-9A1E7A4F7556}") = "HurPsyDesign", "HurPsyDesign\HurPsyDesign.csproj", "{52A0AF85-4654-461D-8D69-0E94EF663C1A}"
EndProject
Project("{9A19103F-16F7-4668-BE54-9A1E7A4F7556}") = "HurPsyLibStrings", "HurPsyLibStrings\HurPsyLibStrings.csproj", "{13B41B09-9EBA-4107-A4E8-D99BC74CE8F6}"
EndProject
Project("{9A19103F-16F7-4668-BE54-9A1E7A4F7556}") = "HurPsyDesignStrings", "HurPsyDesignStrings\HurPsyDesignStrings.csproj", "{E8E641C2-8F96-4512-9FE3-FAE92FC206FA}"
EndProject
Project("{54435603-DBB4-11D2-8724-00A0C9A8B90C}") = "HurPsySetup", "HurPsySetup\HurPsySetup.vdproj", "{154FF443-C07D-4DA3-92E5-6605FFAFA1CF}"
EndProject
Global
	GlobalSection(SolutionConfigurationPlatforms) = preSolution
		All|Any CPU = All|Any CPU
		Debug|Any CPU = Debug|Any CPU
		Release|Any CPU = Release|Any CPU
	EndGlobalSection
	GlobalSection(ProjectConfigurationPlatforms) = postSolution
		{2DF9189F-A66A-4FD7-8F47-893FD491FF3C}.All|Any CPU.ActiveCfg = Release|Any CPU
		{2DF9189F-A66A-4FD7-8F47-893FD491FF3C}.All|Any CPU.Build.0 = Release|Any CPU
		{2DF9189F-A66A-4FD7-8F47-893FD491FF3C}.Debug|Any CPU.ActiveCfg = Debug|Any CPU
		{2DF9189F-A66A-4FD7-8F47-893FD491FF3C}.Debug|Any CPU.Build.0 = Debug|Any CPU
		{2DF9189F-A66A-4FD7-8F47-893FD491FF3C}.Release|Any CPU.ActiveCfg = Debug|Any CPU
		{2DF9189F-A66A-4FD7-8F47-893FD491FF3C}.Release|Any CPU.Build.0 = Debug|Any CPU
		{52A0AF85-4654-461D-8D69-0E94EF663C1A}.All|Any CPU.ActiveCfg = Release|Any CPU
		{52A0AF85-4654-461D-8D69-0E94EF663C1A}.All|Any CPU.Build.0 = Release|Any CPU
		{52A0AF85-4654-461D-8D69-0E94EF663C1A}.Debug|Any CPU.ActiveCfg = Debug|Any CPU
		{52A0AF85-4654-461D-8D69-0E94EF663C1A}.Debug|Any CPU.Build.0 = Debug|Any CPU
		{52A0AF85-4654-461D-8D69-0E94EF663C1A}.Release|Any CPU.ActiveCfg = Debug|Any CPU
		{52A0AF85-4654-461D-8D69-0E94EF663C1A}.Release|Any CPU.Build.0 = Debug|Any CPU
		{13B41B09-9EBA-4107-A4E8-D99BC74CE8F6}.All|Any CPU.ActiveCfg = Release|Any CPU
		{13B41B09-9EBA-4107-A4E8-D99BC74CE8F6}.All|Any CPU.Build.0 = Release|Any CPU
		{13B41B09-9EBA-4107-A4E8-D99BC74CE8F6}.Debug|Any CPU.ActiveCfg = Debug|Any CPU
		{13B41B09-9EBA-4107-A4E8-D99BC74CE8F6}.Debug|Any CPU.Build.0 = Debug|Any CPU
		{13B41B09-9EBA-4107-A4E8-D99BC74CE8F6}.Release|Any CPU.ActiveCfg = Debug|Any CPU
		{13B41B09-9EBA-4107-A4E8-D99BC74CE8F6}.Release|Any CPU.Build.0 = Debug|Any CPU
		{E8E641C2-8F96-4512-9FE3-FAE92FC206FA}.All|Any CPU.ActiveCfg = Release|Any CPU
		{E8E641C2-8F96-4512-9FE3-FAE92FC206FA}.All|Any CPU.Build.0 = Release|Any CPU
		{E8E641C2-8F96-4512-9FE3-FAE92FC206FA}.Debug|Any CPU.ActiveCfg = Debug|Any CPU
		{E8E641C2-8F96-4512-9FE3-FAE92FC206FA}.Debug|Any CPU.Build.0 = Debug|Any CPU
		{E8E641C2-8F96-4512-9FE3-FAE92FC206FA}.Release|Any CPU.ActiveCfg = Debug|Any CPU
		{E8E641C2-8F96-4512-9FE3-FAE92FC206FA}.Release|Any CPU.Build.0 = Debug|Any CPU
		{154FF443-C07D-4DA3-92E5-6605FFAFA1CF}.All|Any CPU.ActiveCfg = Debug
		{154FF443-C07D-4DA3-92E5-6605FFAFA1CF}.Debug|Any CPU.ActiveCfg = Debug
		{154FF443-C07D-4DA3-92E5-6605FFAFA1CF}.Release|Any CPU.ActiveCfg = Debug
		{154FF443-C07D-4DA3-92E5-6605FFAFA1CF}.Release|Any CPU.Build.0 = Debug
	EndGlobalSection
	GlobalSection(SolutionProperties) = preSolution
		HideSolutionNode = FALSE
	EndGlobalSection
	GlobalSection(ExtensibilityGlobals) = postSolution
		SolutionGuid = {EEEB8554-6FB2-456A-AC9C-AA66AD616407}
	EndGlobalSection
EndGlobal
