
Microsoft Visual Studio Solution File, Format Version 12.00
# Visual Studio Version 16
VisualStudioVersion = 16.0.31424.327
MinimumVisualStudioVersion = 10.0.40219.1
Project("{FAE04EC0-301F-11D3-BF4B-00C04F79EFBC}") = "HurPsyDesignApp", "HurPsyDesignApp\HurPsyDesignApp.csproj", "{5F6A2BCC-C3B2-4A62-896C-ACD9F4F945B5}"
EndProject
Global
	GlobalSection(SolutionConfigurationPlatforms) = preSolution
		Debug|Any CPU = Debug|Any CPU
		Release|Any CPU = Release|Any CPU
	EndGlobalSection
	GlobalSection(ProjectConfigurationPlatforms) = postSolution
		{5F6A2BCC-C3B2-4A62-896C-ACD9F4F945B5}.Debug|Any CPU.ActiveCfg = Debug|Any CPU
		{5F6A2BCC-C3B2-4A62-896C-ACD9F4F945B5}.Debug|Any CPU.Build.0 = Debug|Any CPU
		{5F6A2BCC-C3B2-4A62-896C-ACD9F4F945B5}.Release|Any CPU.ActiveCfg = Release|Any CPU
		{5F6A2BCC-C3B2-4A62-896C-ACD9F4F945B5}.Release|Any CPU.Build.0 = Release|Any CPU
	EndGlobalSection
	GlobalSection(SolutionProperties) = preSolution
		HideSolutionNode = FALSE
	EndGlobalSection
	GlobalSection(ExtensibilityGlobals) = postSolution
		SolutionGuid = {E59C072A-3B17-4155-AF27-C00E09388929}
	EndGlobalSection
EndGlobal
